
Microsoft Visual Studio Solution File, Format Version 12.00
# Visual Studio Version 17
VisualStudioVersion = 17.3.32901.215
MinimumVisualStudioVersion = 10.0.40219.1
Project("{FAE04EC0-301F-11D3-BF4B-00C04F79EFBC}") = "01. Sort Numbers", "01. Sort Numbers\01. Sort Numbers.csproj", "{5B01B5AB-ACB3-46CA-9DE0-22CF22D2C4FF}"
EndProject
Project("{FAE04EC0-301F-11D3-BF4B-00C04F79EFBC}") = "02. Name Last Digit", "02. Name Last Digit\02. Name Last Digit.csproj", "{181BF5A6-67E5-45D9-95FA-6FBBA84AA11F}"
EndProject
Project("{FAE04EC0-301F-11D3-BF4B-00C04F79EFBC}") = "03. Gaming Store", "03. Gaming Store\03. Gaming Store.csproj", "{82EA658E-A77C-47EC-AD7B-91100B46A76E}"
EndProject
Project("{FAE04EC0-301F-11D3-BF4B-00C04F79EFBC}") = "04. Reverse String", "04. Reverse String\04. Reverse String.csproj", "{FDB36B0E-B8A0-4D71-A4A9-6307400B149A}"
EndProject
Project("{FAE04EC0-301F-11D3-BF4B-00C04F79EFBC}") = "05. Messages", "05. Messages\05. Messages.csproj", "{3B386565-99E9-4E80-9CF4-14776B2557CD}"
EndProject
Global
	GlobalSection(SolutionConfigurationPlatforms) = preSolution
		Debug|Any CPU = Debug|Any CPU
		Release|Any CPU = Release|Any CPU
	EndGlobalSection
	GlobalSection(ProjectConfigurationPlatforms) = postSolution
		{5B01B5AB-ACB3-46CA-9DE0-22CF22D2C4FF}.Debug|Any CPU.ActiveCfg = Debug|Any CPU
		{5B01B5AB-ACB3-46CA-9DE0-22CF22D2C4FF}.Debug|Any CPU.Build.0 = Debug|Any CPU
		{5B01B5AB-ACB3-46CA-9DE0-22CF22D2C4FF}.Release|Any CPU.ActiveCfg = Release|Any CPU
		{5B01B5AB-ACB3-46CA-9DE0-22CF22D2C4FF}.Release|Any CPU.Build.0 = Release|Any CPU
		{181BF5A6-67E5-45D9-95FA-6FBBA84AA11F}.Debug|Any CPU.ActiveCfg = Debug|Any CPU
		{181BF5A6-67E5-45D9-95FA-6FBBA84AA11F}.Debug|Any CPU.Build.0 = Debug|Any CPU
		{181BF5A6-67E5-45D9-95FA-6FBBA84AA11F}.Release|Any CPU.ActiveCfg = Release|Any CPU
		{181BF5A6-67E5-45D9-95FA-6FBBA84AA11F}.Release|Any CPU.Build.0 = Release|Any CPU
		{82EA658E-A77C-47EC-AD7B-91100B46A76E}.Debug|Any CPU.ActiveCfg = Debug|Any CPU
		{82EA658E-A77C-47EC-AD7B-91100B46A76E}.Debug|Any CPU.Build.0 = Debug|Any CPU
		{82EA658E-A77C-47EC-AD7B-91100B46A76E}.Release|Any CPU.ActiveCfg = Release|Any CPU
		{82EA658E-A77C-47EC-AD7B-91100B46A76E}.Release|Any CPU.Build.0 = Release|Any CPU
		{FDB36B0E-B8A0-4D71-A4A9-6307400B149A}.Debug|Any CPU.ActiveCfg = Debug|Any CPU
		{FDB36B0E-B8A0-4D71-A4A9-6307400B149A}.Debug|Any CPU.Build.0 = Debug|Any CPU
		{FDB36B0E-B8A0-4D71-A4A9-6307400B149A}.Release|Any CPU.ActiveCfg = Release|Any CPU
		{FDB36B0E-B8A0-4D71-A4A9-6307400B149A}.Release|Any CPU.Build.0 = Release|Any CPU
		{3B386565-99E9-4E80-9CF4-14776B2557CD}.Debug|Any CPU.ActiveCfg = Debug|Any CPU
		{3B386565-99E9-4E80-9CF4-14776B2557CD}.Debug|Any CPU.Build.0 = Debug|Any CPU
		{3B386565-99E9-4E80-9CF4-14776B2557CD}.Release|Any CPU.ActiveCfg = Release|Any CPU
		{3B386565-99E9-4E80-9CF4-14776B2557CD}.Release|Any CPU.Build.0 = Release|Any CPU
	EndGlobalSection
	GlobalSection(SolutionProperties) = preSolution
		HideSolutionNode = FALSE
	EndGlobalSection
	GlobalSection(ExtensibilityGlobals) = postSolution
		SolutionGuid = {17FEB650-C59C-4BEF-8582-FD9FDBDDF609}
	EndGlobalSection
EndGlobal
