
Microsoft Visual Studio Solution File, Format Version 12.00
# Visual Studio Version 17
VisualStudioVersion = 17.3.32929.385
MinimumVisualStudioVersion = 10.0.40219.1
Project("{9A19103F-16F7-4668-BE54-9A1E7A4F7556}") = "01. Valid Usernames", "01. Valid Usernames\01. Valid Usernames.csproj", "{2BF2822C-E01B-4447-B9F4-16F63AC7EAD3}"
EndProject
Project("{9A19103F-16F7-4668-BE54-9A1E7A4F7556}") = "02. Character Multiplier", "02. Character Multiplier\02. Character Multiplier.csproj", "{5D8A80E5-156F-47FC-9E05-9AB3723FAA39}"
EndProject
Project("{9A19103F-16F7-4668-BE54-9A1E7A4F7556}") = "03. Extract File", "03. Extract File\03. Extract File.csproj", "{39A3DE37-8E2E-4010-8E5C-B5EA2DFF8458}"
EndProject
Project("{9A19103F-16F7-4668-BE54-9A1E7A4F7556}") = "04. Caesar Cipher", "04. Caesar Cipher\04. Caesar Cipher.csproj", "{F1F3D1D9-6944-4719-A40D-D59BBD1B6862}"
EndProject
Project("{9A19103F-16F7-4668-BE54-9A1E7A4F7556}") = "05. Multiply Big Number", "05. Multiply Big Number\05. Multiply Big Number.csproj", "{DEBA618A-ECAB-4B00-8576-4C0ED3E3B6CA}"
EndProject
Project("{9A19103F-16F7-4668-BE54-9A1E7A4F7556}") = "06. Replace Repeating Chars", "06. Replace Repeating Chars\06. Replace Repeating Chars.csproj", "{A70B9F5C-62D2-489E-8B52-579C8CC3E910}"
EndProject
Project("{9A19103F-16F7-4668-BE54-9A1E7A4F7556}") = "07. String Explosion", "07. String Explosion\07. String Explosion.csproj", "{215B7FE2-02D0-4B14-9317-F354E193ACF5}"
EndProject
Project("{9A19103F-16F7-4668-BE54-9A1E7A4F7556}") = "08. Letters Change Numbers", "08. Letters Change Numbers\08. Letters Change Numbers.csproj", "{C6392662-B86E-4994-86D3-DEE338D3610E}"
EndProject
Project("{FAE04EC0-301F-11D3-BF4B-00C04F79EFBC}") = "Task", "Task\Task.csproj", "{5FC91A8C-4C7E-4CFE-91EA-AC985069F6E2}"
EndProject
Global
	GlobalSection(SolutionConfigurationPlatforms) = preSolution
		Debug|Any CPU = Debug|Any CPU
		Release|Any CPU = Release|Any CPU
	EndGlobalSection
	GlobalSection(ProjectConfigurationPlatforms) = postSolution
		{2BF2822C-E01B-4447-B9F4-16F63AC7EAD3}.Debug|Any CPU.ActiveCfg = Debug|Any CPU
		{2BF2822C-E01B-4447-B9F4-16F63AC7EAD3}.Debug|Any CPU.Build.0 = Debug|Any CPU
		{2BF2822C-E01B-4447-B9F4-16F63AC7EAD3}.Release|Any CPU.ActiveCfg = Release|Any CPU
		{2BF2822C-E01B-4447-B9F4-16F63AC7EAD3}.Release|Any CPU.Build.0 = Release|Any CPU
		{5D8A80E5-156F-47FC-9E05-9AB3723FAA39}.Debug|Any CPU.ActiveCfg = Debug|Any CPU
		{5D8A80E5-156F-47FC-9E05-9AB3723FAA39}.Debug|Any CPU.Build.0 = Debug|Any CPU
		{5D8A80E5-156F-47FC-9E05-9AB3723FAA39}.Release|Any CPU.ActiveCfg = Release|Any CPU
		{5D8A80E5-156F-47FC-9E05-9AB3723FAA39}.Release|Any CPU.Build.0 = Release|Any CPU
		{39A3DE37-8E2E-4010-8E5C-B5EA2DFF8458}.Debug|Any CPU.ActiveCfg = Debug|Any CPU
		{39A3DE37-8E2E-4010-8E5C-B5EA2DFF8458}.Debug|Any CPU.Build.0 = Debug|Any CPU
		{39A3DE37-8E2E-4010-8E5C-B5EA2DFF8458}.Release|Any CPU.ActiveCfg = Release|Any CPU
		{39A3DE37-8E2E-4010-8E5C-B5EA2DFF8458}.Release|Any CPU.Build.0 = Release|Any CPU
		{F1F3D1D9-6944-4719-A40D-D59BBD1B6862}.Debug|Any CPU.ActiveCfg = Debug|Any CPU
		{F1F3D1D9-6944-4719-A40D-D59BBD1B6862}.Debug|Any CPU.Build.0 = Debug|Any CPU
		{F1F3D1D9-6944-4719-A40D-D59BBD1B6862}.Release|Any CPU.ActiveCfg = Release|Any CPU
		{F1F3D1D9-6944-4719-A40D-D59BBD1B6862}.Release|Any CPU.Build.0 = Release|Any CPU
		{DEBA618A-ECAB-4B00-8576-4C0ED3E3B6CA}.Debug|Any CPU.ActiveCfg = Debug|Any CPU
		{DEBA618A-ECAB-4B00-8576-4C0ED3E3B6CA}.Debug|Any CPU.Build.0 = Debug|Any CPU
		{DEBA618A-ECAB-4B00-8576-4C0ED3E3B6CA}.Release|Any CPU.ActiveCfg = Release|Any CPU
		{DEBA618A-ECAB-4B00-8576-4C0ED3E3B6CA}.Release|Any CPU.Build.0 = Release|Any CPU
		{A70B9F5C-62D2-489E-8B52-579C8CC3E910}.Debug|Any CPU.ActiveCfg = Debug|Any CPU
		{A70B9F5C-62D2-489E-8B52-579C8CC3E910}.Debug|Any CPU.Build.0 = Debug|Any CPU
		{A70B9F5C-62D2-489E-8B52-579C8CC3E910}.Release|Any CPU.ActiveCfg = Release|Any CPU
		{A70B9F5C-62D2-489E-8B52-579C8CC3E910}.Release|Any CPU.Build.0 = Release|Any CPU
		{215B7FE2-02D0-4B14-9317-F354E193ACF5}.Debug|Any CPU.ActiveCfg = Debug|Any CPU
		{215B7FE2-02D0-4B14-9317-F354E193ACF5}.Debug|Any CPU.Build.0 = Debug|Any CPU
		{215B7FE2-02D0-4B14-9317-F354E193ACF5}.Release|Any CPU.ActiveCfg = Release|Any CPU
		{215B7FE2-02D0-4B14-9317-F354E193ACF5}.Release|Any CPU.Build.0 = Release|Any CPU
		{C6392662-B86E-4994-86D3-DEE338D3610E}.Debug|Any CPU.ActiveCfg = Debug|Any CPU
		{C6392662-B86E-4994-86D3-DEE338D3610E}.Debug|Any CPU.Build.0 = Debug|Any CPU
		{C6392662-B86E-4994-86D3-DEE338D3610E}.Release|Any CPU.ActiveCfg = Release|Any CPU
		{C6392662-B86E-4994-86D3-DEE338D3610E}.Release|Any CPU.Build.0 = Release|Any CPU
		{5FC91A8C-4C7E-4CFE-91EA-AC985069F6E2}.Debug|Any CPU.ActiveCfg = Debug|Any CPU
		{5FC91A8C-4C7E-4CFE-91EA-AC985069F6E2}.Debug|Any CPU.Build.0 = Debug|Any CPU
		{5FC91A8C-4C7E-4CFE-91EA-AC985069F6E2}.Release|Any CPU.ActiveCfg = Release|Any CPU
		{5FC91A8C-4C7E-4CFE-91EA-AC985069F6E2}.Release|Any CPU.Build.0 = Release|Any CPU
	EndGlobalSection
	GlobalSection(SolutionProperties) = preSolution
		HideSolutionNode = FALSE
	EndGlobalSection
	GlobalSection(ExtensibilityGlobals) = postSolution
		SolutionGuid = {356813C4-4415-42D5-A7A9-657EB136009B}
	EndGlobalSection
EndGlobal
