
Microsoft Visual Studio Solution File, Format Version 12.00
# Visual Studio Version 17
VisualStudioVersion = 17.3.32901.215
MinimumVisualStudioVersion = 10.0.40219.1
Project("{FAE04EC0-301F-11D3-BF4B-00C04F79EFBC}") = "01. Data Type Finder", "01. Data Type Finder\01. Data Type Finder.csproj", "{2BDC5291-33BB-431B-926C-35DBC4132008}"
EndProject
Project("{FAE04EC0-301F-11D3-BF4B-00C04F79EFBC}") = "02. From Left to The Right", "02. From Left to The Right\02. From Left to The Right.csproj", "{5B8F9E88-D990-4D49-A3DC-8E401663EDA5}"
EndProject
Project("{FAE04EC0-301F-11D3-BF4B-00C04F79EFBC}") = "03. Floating Equality", "03. Floating Equality\03. Floating Equality.csproj", "{89CAF990-3485-4ED3-97A7-340FA52BAF61}"
EndProject
Project("{FAE04EC0-301F-11D3-BF4B-00C04F79EFBC}") = "04. Refactoring.Prime Checker", "04. Refactoring.Prime Checker\04. Refactoring.Prime Checker.csproj", "{1EDD023D-C73B-4CC4-88FC-290E21704D1E}"
EndProject
Project("{FAE04EC0-301F-11D3-BF4B-00C04F79EFBC}") = "05. Decrypting Message", "05. Decrypting Message\05. Decrypting Message.csproj", "{5EF1AC07-156F-4975-AE3B-41C24B82DAF4}"
EndProject
Project("{FAE04EC0-301F-11D3-BF4B-00C04F79EFBC}") = "06. Balanced Brackets", "06. Balanced Brackets\06. Balanced Brackets.csproj", "{F9F87170-230E-49DC-9696-F7F00F96B9B7}"
EndProject
Global
	GlobalSection(SolutionConfigurationPlatforms) = preSolution
		Debug|Any CPU = Debug|Any CPU
		Release|Any CPU = Release|Any CPU
	EndGlobalSection
	GlobalSection(ProjectConfigurationPlatforms) = postSolution
		{2BDC5291-33BB-431B-926C-35DBC4132008}.Debug|Any CPU.ActiveCfg = Debug|Any CPU
		{2BDC5291-33BB-431B-926C-35DBC4132008}.Debug|Any CPU.Build.0 = Debug|Any CPU
		{2BDC5291-33BB-431B-926C-35DBC4132008}.Release|Any CPU.ActiveCfg = Release|Any CPU
		{2BDC5291-33BB-431B-926C-35DBC4132008}.Release|Any CPU.Build.0 = Release|Any CPU
		{5B8F9E88-D990-4D49-A3DC-8E401663EDA5}.Debug|Any CPU.ActiveCfg = Debug|Any CPU
		{5B8F9E88-D990-4D49-A3DC-8E401663EDA5}.Debug|Any CPU.Build.0 = Debug|Any CPU
		{5B8F9E88-D990-4D49-A3DC-8E401663EDA5}.Release|Any CPU.ActiveCfg = Release|Any CPU
		{5B8F9E88-D990-4D49-A3DC-8E401663EDA5}.Release|Any CPU.Build.0 = Release|Any CPU
		{89CAF990-3485-4ED3-97A7-340FA52BAF61}.Debug|Any CPU.ActiveCfg = Debug|Any CPU
		{89CAF990-3485-4ED3-97A7-340FA52BAF61}.Debug|Any CPU.Build.0 = Debug|Any CPU
		{89CAF990-3485-4ED3-97A7-340FA52BAF61}.Release|Any CPU.ActiveCfg = Release|Any CPU
		{89CAF990-3485-4ED3-97A7-340FA52BAF61}.Release|Any CPU.Build.0 = Release|Any CPU
		{1EDD023D-C73B-4CC4-88FC-290E21704D1E}.Debug|Any CPU.ActiveCfg = Debug|Any CPU
		{1EDD023D-C73B-4CC4-88FC-290E21704D1E}.Debug|Any CPU.Build.0 = Debug|Any CPU
		{1EDD023D-C73B-4CC4-88FC-290E21704D1E}.Release|Any CPU.ActiveCfg = Release|Any CPU
		{1EDD023D-C73B-4CC4-88FC-290E21704D1E}.Release|Any CPU.Build.0 = Release|Any CPU
		{5EF1AC07-156F-4975-AE3B-41C24B82DAF4}.Debug|Any CPU.ActiveCfg = Debug|Any CPU
		{5EF1AC07-156F-4975-AE3B-41C24B82DAF4}.Debug|Any CPU.Build.0 = Debug|Any CPU
		{5EF1AC07-156F-4975-AE3B-41C24B82DAF4}.Release|Any CPU.ActiveCfg = Release|Any CPU
		{5EF1AC07-156F-4975-AE3B-41C24B82DAF4}.Release|Any CPU.Build.0 = Release|Any CPU
		{F9F87170-230E-49DC-9696-F7F00F96B9B7}.Debug|Any CPU.ActiveCfg = Debug|Any CPU
		{F9F87170-230E-49DC-9696-F7F00F96B9B7}.Debug|Any CPU.Build.0 = Debug|Any CPU
		{F9F87170-230E-49DC-9696-F7F00F96B9B7}.Release|Any CPU.ActiveCfg = Release|Any CPU
		{F9F87170-230E-49DC-9696-F7F00F96B9B7}.Release|Any CPU.Build.0 = Release|Any CPU
	EndGlobalSection
	GlobalSection(SolutionProperties) = preSolution
		HideSolutionNode = FALSE
	EndGlobalSection
	GlobalSection(ExtensibilityGlobals) = postSolution
		SolutionGuid = {F8253D01-346B-4DC3-B69A-43DC362D2011}
	EndGlobalSection
EndGlobal
