
Microsoft Visual Studio Solution File, Format Version 12.00
# Visual Studio Version 17
VisualStudioVersion = 17.3.32922.545
MinimumVisualStudioVersion = 10.0.40219.1
Project("{FAE04EC0-301F-11D3-BF4B-00C04F79EFBC}") = "01. The Hunting Games", "01. The Hunting Games\01. The Hunting Games.csproj", "{00D1A017-CD7C-4A81-AF6A-3214B73607A0}"
EndProject
Project("{FAE04EC0-301F-11D3-BF4B-00C04F79EFBC}") = "02. Numbers", "02. Numbers\02. Numbers.csproj", "{CC9573EF-9918-4E89-B749-84529B6CA151}"
EndProject
Project("{FAE04EC0-301F-11D3-BF4B-00C04F79EFBC}") = "03. Chat Logger", "03. Chat Logger\03. Chat Logger.csproj", "{04E90901-FD6C-4657-8099-4177BD984B22}"
EndProject
Global
	GlobalSection(SolutionConfigurationPlatforms) = preSolution
		Debug|Any CPU = Debug|Any CPU
		Release|Any CPU = Release|Any CPU
	EndGlobalSection
	GlobalSection(ProjectConfigurationPlatforms) = postSolution
		{00D1A017-CD7C-4A81-AF6A-3214B73607A0}.Debug|Any CPU.ActiveCfg = Debug|Any CPU
		{00D1A017-CD7C-4A81-AF6A-3214B73607A0}.Debug|Any CPU.Build.0 = Debug|Any CPU
		{00D1A017-CD7C-4A81-AF6A-3214B73607A0}.Release|Any CPU.ActiveCfg = Release|Any CPU
		{00D1A017-CD7C-4A81-AF6A-3214B73607A0}.Release|Any CPU.Build.0 = Release|Any CPU
		{CC9573EF-9918-4E89-B749-84529B6CA151}.Debug|Any CPU.ActiveCfg = Debug|Any CPU
		{CC9573EF-9918-4E89-B749-84529B6CA151}.Debug|Any CPU.Build.0 = Debug|Any CPU
		{CC9573EF-9918-4E89-B749-84529B6CA151}.Release|Any CPU.ActiveCfg = Release|Any CPU
		{CC9573EF-9918-4E89-B749-84529B6CA151}.Release|Any CPU.Build.0 = Release|Any CPU
		{04E90901-FD6C-4657-8099-4177BD984B22}.Debug|Any CPU.ActiveCfg = Debug|Any CPU
		{04E90901-FD6C-4657-8099-4177BD984B22}.Debug|Any CPU.Build.0 = Debug|Any CPU
		{04E90901-FD6C-4657-8099-4177BD984B22}.Release|Any CPU.ActiveCfg = Release|Any CPU
		{04E90901-FD6C-4657-8099-4177BD984B22}.Release|Any CPU.Build.0 = Release|Any CPU
	EndGlobalSection
	GlobalSection(SolutionProperties) = preSolution
		HideSolutionNode = FALSE
	EndGlobalSection
	GlobalSection(ExtensibilityGlobals) = postSolution
		SolutionGuid = {8B21ECDC-1654-4883-BDC7-B8413802D755}
	EndGlobalSection
EndGlobal
