
Microsoft Visual Studio Solution File, Format Version 12.00
# Visual Studio Version 17
VisualStudioVersion = 17.4.33122.133
MinimumVisualStudioVersion = 10.0.40219.1
Project("{FAE04EC0-301F-11D3-BF4B-00C04F79EFBC}") = "01. Hogwarts", "01. Hogwarts\01. Hogwarts.csproj", "{8002C929-754A-4A4C-ADE1-7AEB9F77B64D}"
EndProject
Project("{FAE04EC0-301F-11D3-BF4B-00C04F79EFBC}") = "02. Easter Eggs", "02. Easter Eggs\02. Easter Eggs.csproj", "{3C36EAE6-FB47-4800-BAD7-0D8D8535F1F4}"
EndProject
Project("{FAE04EC0-301F-11D3-BF4B-00C04F79EFBC}") = "03. Messages Manager", "03. Messages Manager\03. Messages Manager.csproj", "{81089B6C-809A-48C2-BDC1-A0A307D95C25}"
EndProject
Global
	GlobalSection(SolutionConfigurationPlatforms) = preSolution
		Debug|Any CPU = Debug|Any CPU
		Release|Any CPU = Release|Any CPU
	EndGlobalSection
	GlobalSection(ProjectConfigurationPlatforms) = postSolution
		{8002C929-754A-4A4C-ADE1-7AEB9F77B64D}.Debug|Any CPU.ActiveCfg = Debug|Any CPU
		{8002C929-754A-4A4C-ADE1-7AEB9F77B64D}.Debug|Any CPU.Build.0 = Debug|Any CPU
		{8002C929-754A-4A4C-ADE1-7AEB9F77B64D}.Release|Any CPU.ActiveCfg = Release|Any CPU
		{8002C929-754A-4A4C-ADE1-7AEB9F77B64D}.Release|Any CPU.Build.0 = Release|Any CPU
		{3C36EAE6-FB47-4800-BAD7-0D8D8535F1F4}.Debug|Any CPU.ActiveCfg = Debug|Any CPU
		{3C36EAE6-FB47-4800-BAD7-0D8D8535F1F4}.Debug|Any CPU.Build.0 = Debug|Any CPU
		{3C36EAE6-FB47-4800-BAD7-0D8D8535F1F4}.Release|Any CPU.ActiveCfg = Release|Any CPU
		{3C36EAE6-FB47-4800-BAD7-0D8D8535F1F4}.Release|Any CPU.Build.0 = Release|Any CPU
		{81089B6C-809A-48C2-BDC1-A0A307D95C25}.Debug|Any CPU.ActiveCfg = Debug|Any CPU
		{81089B6C-809A-48C2-BDC1-A0A307D95C25}.Debug|Any CPU.Build.0 = Debug|Any CPU
		{81089B6C-809A-48C2-BDC1-A0A307D95C25}.Release|Any CPU.ActiveCfg = Release|Any CPU
		{81089B6C-809A-48C2-BDC1-A0A307D95C25}.Release|Any CPU.Build.0 = Release|Any CPU
	EndGlobalSection
	GlobalSection(SolutionProperties) = preSolution
		HideSolutionNode = FALSE
	EndGlobalSection
	GlobalSection(ExtensibilityGlobals) = postSolution
		SolutionGuid = {AC85874F-AB28-404B-A4EF-AD3100D81186}
	EndGlobalSection
EndGlobal
